
Microsoft Visual Studio Solution File, Format Version 12.00
# Visual Studio Version 16
VisualStudioVersion = 16.0.31402.337
MinimumVisualStudioVersion = 10.0.40219.1
Project("{FAE04EC0-301F-11D3-BF4B-00C04F79EFBC}") = "Salinas.Gonzalo.PrimerParcial", "Salinas.Gonzalo.PrimerParcial\Salinas.Gonzalo.PrimerParcial.csproj", "{1F045DEF-0A7B-46C4-8907-53D2EB2683C5}"
EndProject
Project("{FAE04EC0-301F-11D3-BF4B-00C04F79EFBC}") = "Biblioteca de Clases", "Biblioteca de Clases\Biblioteca de Clases.csproj", "{30A736B5-DE42-495D-9F68-A367BBFA36F5}"
EndProject
Global
	GlobalSection(SolutionConfigurationPlatforms) = preSolution
		Debug|Any CPU = Debug|Any CPU
		Release|Any CPU = Release|Any CPU
	EndGlobalSection
	GlobalSection(ProjectConfigurationPlatforms) = postSolution
		{1F045DEF-0A7B-46C4-8907-53D2EB2683C5}.Debug|Any CPU.ActiveCfg = Debug|Any CPU
		{1F045DEF-0A7B-46C4-8907-53D2EB2683C5}.Debug|Any CPU.Build.0 = Debug|Any CPU
		{1F045DEF-0A7B-46C4-8907-53D2EB2683C5}.Release|Any CPU.ActiveCfg = Release|Any CPU
		{1F045DEF-0A7B-46C4-8907-53D2EB2683C5}.Release|Any CPU.Build.0 = Release|Any CPU
		{30A736B5-DE42-495D-9F68-A367BBFA36F5}.Debug|Any CPU.ActiveCfg = Debug|Any CPU
		{30A736B5-DE42-495D-9F68-A367BBFA36F5}.Debug|Any CPU.Build.0 = Debug|Any CPU
		{30A736B5-DE42-495D-9F68-A367BBFA36F5}.Release|Any CPU.ActiveCfg = Release|Any CPU
		{30A736B5-DE42-495D-9F68-A367BBFA36F5}.Release|Any CPU.Build.0 = Release|Any CPU
	EndGlobalSection
	GlobalSection(SolutionProperties) = preSolution
		HideSolutionNode = FALSE
	EndGlobalSection
	GlobalSection(ExtensibilityGlobals) = postSolution
		SolutionGuid = {4513F68A-C548-44B7-A03A-BED272107517}
	EndGlobalSection
EndGlobal
